// !$*UTF8*$!
{
	archiveVersion = 1;
	classes = {
	};
	objectVersion = 77;
	objects = {

/* Begin PBXBuildFile section */
		B0B0D5E7E1C84F67A17C8D30 /* whisper.xcframework in Frameworks */ = {isa = PBXBuildFile; fileRef = B0B0D5E6E1C84F67A17C8D30 /* whisper.xcframework */; };
/* End PBXBuildFile section */

/* Begin PBXContainerItemProxy section */
		A335B3782F31A502009D0F31 /* PBXContainerItemProxy */ = {
			isa = PBXContainerItemProxy;
			containerPortal = A335B3602F31A500009D0F31 /* Project object */;
			proxyType = 1;
			remoteGlobalIDString = A335B3672F31A500009D0F31;
			remoteInfo = SayIt;
		};
		A335B3822F31A502009D0F31 /* PBXContainerItemProxy */ = {
			isa = PBXContainerItemProxy;
			containerPortal = A335B3602F31A500009D0F31 /* Project object */;
			proxyType = 1;
			remoteGlobalIDString = A335B3672F31A500009D0F31;
			remoteInfo = SayIt;
		};
/* End PBXContainerItemProxy section */

/* Begin PBXFileReference section */
		A335B3682F31A500009D0F31 /* SayIt.app */ = {isa = PBXFileReference; explicitFileType = wrapper.application; includeInIndex = 0; path = SayIt.app; sourceTree = BUILT_PRODUCTS_DIR; };
		A335B3772F31A502009D0F31 /* SayItTests.xctest */ = {isa = PBXFileReference; explicitFileType = wrapper.cfbundle; includeInIndex = 0; path = SayItTests.xctest; sourceTree = BUILT_PRODUCTS_DIR; };
		A335B3812F31A502009D0F31 /* SayItUITests.xctest */ = {isa = PBXFileReference; explicitFileType = wrapper.cfbundle; includeInIndex = 0; path = SayItUITests.xctest; sourceTree = BUILT_PRODUCTS_DIR; };
		B0B0D5E6E1C84F67A17C8D30 /* whisper.xcframework */ = {isa = PBXFileReference; lastKnownFileType = wrapper.xcframework; name = whisper.xcframework; path = "vendor/whisper.cpp/build-apple/whisper.xcframework"; sourceTree = "<group>"; };
/* End PBXFileReference section */

/* Begin PBXFileSystemSynchronizedRootGroup section */
		A335B36A2F31A500009D0F31 /* SayIt */ = {
			isa = PBXFileSystemSynchronizedRootGroup;
			path = SayIt;
			sourceTree = "<group>";
		};
		A335B37A2F31A502009D0F31 /* SayItTests */ = {
			isa = PBXFileSystemSynchronizedRootGroup;
			path = SayItTests;
			sourceTree = "<group>";
		};
		A335B3842F31A502009D0F31 /* SayItUITests */ = {
			isa = PBXFileSystemSynchronizedRootGroup;
			path = SayItUITests;
			sourceTree = "<group>";
		};
/* End PBXFileSystemSynchronizedRootGroup section */

/* Begin PBXFrameworksBuildPhase section */
		A335B3652F31A500009D0F31 /* Frameworks */ = {
			isa = PBXFrameworksBuildPhase;
			buildActionMask = 2147483647;
			files = (
				B0B0D5E7E1C84F67A17C8D30 /* whisper.xcframework in Frameworks */,
			);
			runOnlyForDeploymentPostprocessing = 0;
		};
		A335B3742F31A502009D0F31 /* Frameworks */ = {
			isa = PBXFrameworksBuildPhase;
			buildActionMask = 2147483647;
			files = (
			);
			runOnlyForDeploymentPostprocessing = 0;
		};
		A335B37E2F31A502009D0F31 /* Frameworks */ = {
			isa = PBXFrameworksBuildPhase;
			buildActionMask = 2147483647;
			files = (
			);
			runOnlyForDeploymentPostprocessing = 0;
		};
/* End PBXFrameworksBuildPhase section */

/* Begin PBXGroup section */
		A335B35F2F31A500009D0F31 = {
			isa = PBXGroup;
			children = (
				A335B36A2F31A500009D0F31 /* SayIt */,
				A335B37A2F31A502009D0F31 /* SayItTests */,
				A335B3842F31A502009D0F31 /* SayItUITests */,
				B0B0D5E6E1C84F67A17C8D30 /* whisper.xcframework */,
				A335B3692F31A500009D0F31 /* Products */,
			);
			sourceTree = "<group>";
		};
		A335B3692F31A500009D0F31 /* Products */ = {
			isa = PBXGroup;
			children = (
				A335B3682F31A500009D0F31 /* SayIt.app */,
				A335B3772F31A502009D0F31 /* SayItTests.xctest */,
				A335B3812F31A502009D0F31 /* SayItUITests.xctest */,
			);
			name = Products;
			sourceTree = "<group>";
		};
/* End PBXGroup section */

/* Begin PBXNativeTarget section */
		A335B3672F31A500009D0F31 /* SayIt */ = {
			isa = PBXNativeTarget;
			buildConfigurationList = A335B38B2F31A502009D0F31 /* Build configuration list for PBXNativeTarget "SayIt" */;
			buildPhases = (
				B0B0D5F0E1C84F67A17C8D30 /* Build Whisper XCFramework */,
				A335B3642F31A500009D0F31 /* Sources */,
				A335B3652F31A500009D0F31 /* Frameworks */,
				A335B3662F31A500009D0F31 /* Resources */,
			);
			buildRules = (
			);
			dependencies = (
			);
			fileSystemSynchronizedGroups = (
				A335B36A2F31A500009D0F31 /* SayIt */,
			);
			name = SayIt;
			packageProductDependencies = (
			);
			productName = SayIt;
			productReference = A335B3682F31A500009D0F31 /* SayIt.app */;
			productType = "com.apple.product-type.application";
		};
		A335B3762F31A502009D0F31 /* SayItTests */ = {
			isa = PBXNativeTarget;
			buildConfigurationList = A335B38E2F31A502009D0F31 /* Build configuration list for PBXNativeTarget "SayItTests" */;
			buildPhases = (
				A335B3732F31A502009D0F31 /* Sources */,
				A335B3742F31A502009D0F31 /* Frameworks */,
				A335B3752F31A502009D0F31 /* Resources */,
			);
			buildRules = (
			);
			dependencies = (
				A335B3792F31A502009D0F31 /* PBXTargetDependency */,
			);
			fileSystemSynchronizedGroups = (
				A335B37A2F31A502009D0F31 /* SayItTests */,
			);
			name = SayItTests;
			packageProductDependencies = (
			);
			productName = SayItTests;
			productReference = A335B3772F31A502009D0F31 /* SayItTests.xctest */;
			productType = "com.apple.product-type.bundle.unit-test";
		};
		A335B3802F31A502009D0F31 /* SayItUITests */ = {
			isa = PBXNativeTarget;
			buildConfigurationList = A335B3912F31A502009D0F31 /* Build configuration list for PBXNativeTarget "SayItUITests" */;
			buildPhases = (
				A335B37D2F31A502009D0F31 /* Sources */,
				A335B37E2F31A502009D0F31 /* Frameworks */,
				A335B37F2F31A502009D0F31 /* Resources */,
			);
			buildRules = (
			);
			dependencies = (
				A335B3832F31A502009D0F31 /* PBXTargetDependency */,
			);
			fileSystemSynchronizedGroups = (
				A335B3842F31A502009D0F31 /* SayItUITests */,
			);
			name = SayItUITests;
			packageProductDependencies = (
			);
			productName = SayItUITests;
			productReference = A335B3812F31A502009D0F31 /* SayItUITests.xctest */;
			productType = "com.apple.product-type.bundle.ui-testing";
		};
/* End PBXNativeTarget section */

/* Begin PBXProject section */
		A335B3602F31A500009D0F31 /* Project object */ = {
			isa = PBXProject;
			attributes = {
				BuildIndependentTargetsInParallel = 1;
				LastSwiftUpdateCheck = 2600;
				LastUpgradeCheck = 2600;
				TargetAttributes = {
					A335B3672F31A500009D0F31 = {
						CreatedOnToolsVersion = 26.0;
					};
					A335B3762F31A502009D0F31 = {
						CreatedOnToolsVersion = 26.0;
						TestTargetID = A335B3672F31A500009D0F31;
					};
					A335B3802F31A502009D0F31 = {
						CreatedOnToolsVersion = 26.0;
						TestTargetID = A335B3672F31A500009D0F31;
					};
				};
			};
			buildConfigurationList = A335B3632F31A500009D0F31 /* Build configuration list for PBXProject "SayIt" */;
			developmentRegion = en;
			hasScannedForEncodings = 0;
			knownRegions = (
				en,
				Base,
				"zh-Hans",
			);
			mainGroup = A335B35F2F31A500009D0F31;
			minimizedProjectReferenceProxies = 1;
			packageReferences = (
				A3A30C672F3471570088C61B /* XCRemoteSwiftPackageReference "Sparkle" */,
			);
			preferredProjectObjectVersion = 77;
			productRefGroup = A335B3692F31A500009D0F31 /* Products */;
			projectDirPath = "";
			projectRoot = "";
			targets = (
				A335B3672F31A500009D0F31 /* SayIt */,
				A335B3762F31A502009D0F31 /* SayItTests */,
				A335B3802F31A502009D0F31 /* SayItUITests */,
			);
		};
/* End PBXProject section */

/* Begin PBXResourcesBuildPhase section */
		A335B3662F31A500009D0F31 /* Resources */ = {
			isa = PBXResourcesBuildPhase;
			buildActionMask = 2147483647;
			files = (
			);
			runOnlyForDeploymentPostprocessing = 0;
		};
		A335B3752F31A502009D0F31 /* Resources */ = {
			isa = PBXResourcesBuildPhase;
			buildActionMask = 2147483647;
			files = (
			);
			runOnlyForDeploymentPostprocessing = 0;
		};
		A335B37F2F31A502009D0F31 /* Resources */ = {
			isa = PBXResourcesBuildPhase;
			buildActionMask = 2147483647;
			files = (
			);
			runOnlyForDeploymentPostprocessing = 0;
		};
/* End PBXResourcesBuildPhase section */

/* Begin PBXShellScriptBuildPhase section */
		B0B0D5F0E1C84F67A17C8D30 /* Build Whisper XCFramework */ = {
			isa = PBXShellScriptBuildPhase;
			buildActionMask = 2147483647;
			files = (
			);
			inputPaths = (
			);
			name = "Build Whisper XCFramework";
			outputPaths = (
				"$(SRCROOT)/vendor/whisper.cpp/build-apple/.whisper-xcframework.stamp",
			);
			runOnlyForDeploymentPostprocessing = 0;
			shellPath = /bin/bash;
			shellScript = "if [ ! -d \"${SRCROOT}/vendor/whisper.cpp/build-apple/whisper.xcframework\" ]; then\n  \"${SRCROOT}/../scripts/build-whisper-macos-xcframework.sh\"\nfi\n/usr/bin/touch \"${SRCROOT}/vendor/whisper.cpp/build-apple/.whisper-xcframework.stamp\"\n";
		};
/* End PBXShellScriptBuildPhase section */

/* Begin PBXSourcesBuildPhase section */
		A335B3642F31A500009D0F31 /* Sources */ = {
			isa = PBXSourcesBuildPhase;
			buildActionMask = 2147483647;
			files = (
			);
			runOnlyForDeploymentPostprocessing = 0;
		};
		A335B3732F31A502009D0F31 /* Sources */ = {
			isa = PBXSourcesBuildPhase;
			buildActionMask = 2147483647;
			files = (
			);
			runOnlyForDeploymentPostprocessing = 0;
		};
		A335B37D2F31A502009D0F31 /* Sources */ = {
			isa = PBXSourcesBuildPhase;
			buildActionMask = 2147483647;
			files = (
			);
			runOnlyForDeploymentPostprocessing = 0;
		};
/* End PBXSourcesBuildPhase section */

/* Begin PBXTargetDependency section */
		A335B3792F31A502009D0F31 /* PBXTargetDependency */ = {
			isa = PBXTargetDependency;
			target = A335B3672F31A500009D0F31 /* SayIt */;
			targetProxy = A335B3782F31A502009D0F31 /* PBXContainerItemProxy */;
		};
		A335B3832F31A502009D0F31 /* PBXTargetDependency */ = {
			isa = PBXTargetDependency;
			target = A335B3672F31A500009D0F31 /* SayIt */;
			targetProxy = A335B3822F31A502009D0F31 /* PBXContainerItemProxy */;
		};
/* End PBXTargetDependency section */

/* Begin XCBuildConfiguration section */
		A335B3892F31A502009D0F31 /* Debug */ = {
			isa = XCBuildConfiguration;
			buildSettings = {
				ALWAYS_SEARCH_USER_PATHS = NO;
				ASSETCATALOG_COMPILER_GENERATE_SWIFT_ASSET_SYMBOL_EXTENSIONS = YES;
				CLANG_ANALYZER_NONNULL = YES;
				CLANG_ANALYZER_NUMBER_OBJECT_CONVERSION = YES_AGGRESSIVE;
				CLANG_CXX_LANGUAGE_STANDARD = "gnu++20";
				CLANG_ENABLE_MODULES = YES;
				CLANG_ENABLE_OBJC_ARC = YES;
				CLANG_ENABLE_OBJC_WEAK = YES;
				CLANG_WARN_BLOCK_CAPTURE_AUTORELEASING = YES;
				CLANG_WARN_BOOL_CONVERSION = YES;
				CLANG_WARN_COMMA = YES;
				CLANG_WARN_CONSTANT_CONVERSION = YES;
				CLANG_WARN_DEPRECATED_OBJC_IMPLEMENTATIONS = YES;
				CLANG_WARN_DIRECT_OBJC_ISA_USAGE = YES_ERROR;
				CLANG_WARN_DOCUMENTATION_COMMENTS = YES;
				CLANG_WARN_EMPTY_BODY = YES;
				CLANG_WARN_ENUM_CONVERSION = YES;
				CLANG_WARN_INFINITE_RECURSION = YES;
				CLANG_WARN_INT_CONVERSION = YES;
				CLANG_WARN_NON_LITERAL_NULL_CONVERSION = YES;
				CLANG_WARN_OBJC_IMPLICIT_RETAIN_SELF = YES;
				CLANG_WARN_OBJC_LITERAL_CONVERSION = YES;
				CLANG_WARN_OBJC_ROOT_CLASS = YES_ERROR;
				CLANG_WARN_QUOTED_INCLUDE_IN_FRAMEWORK_HEADER = YES;
				CLANG_WARN_RANGE_LOOP_ANALYSIS = YES;
				CLANG_WARN_STRICT_PROTOTYPES = YES;
				CLANG_WARN_SUSPICIOUS_MOVE = YES;
				CLANG_WARN_UNGUARDED_AVAILABILITY = YES_AGGRESSIVE;
				CLANG_WARN_UNREACHABLE_CODE = YES;
				CLANG_WARN__DUPLICATE_METHOD_MATCH = YES;
				COPY_PHASE_STRIP = NO;
				DEBUG_INFORMATION_FORMAT = dwarf;
				DEVELOPMENT_TEAM = V7Z2QYFJWN;
				ENABLE_STRICT_OBJC_MSGSEND = YES;
				ENABLE_TESTABILITY = YES;
				ENABLE_USER_SCRIPT_SANDBOXING = YES;
				GCC_C_LANGUAGE_STANDARD = gnu17;
				GCC_DYNAMIC_NO_PIC = NO;
				GCC_NO_COMMON_BLOCKS = YES;
				GCC_OPTIMIZATION_LEVEL = 0;
				GCC_PREPROCESSOR_DEFINITIONS = (
					"DEBUG=1",
					"$(inherited)",
				);
				GCC_WARN_64_TO_32_BIT_CONVERSION = YES;
				GCC_WARN_ABOUT_RETURN_TYPE = YES_ERROR;
				GCC_WARN_UNDECLARED_SELECTOR = YES;
				GCC_WARN_UNINITIALIZED_AUTOS = YES_AGGRESSIVE;
				GCC_WARN_UNUSED_FUNCTION = YES;
				GCC_WARN_UNUSED_VARIABLE = YES;
				LOCALIZATION_PREFERS_STRING_CATALOGS = YES;
				LSApplicationCategoryType = "public.app-category.productivity";
				MACOSX_DEPLOYMENT_TARGET = 15.0;
				MTL_ENABLE_DEBUG_INFO = INCLUDE_SOURCE;
				MTL_FAST_MATH = YES;
				ONLY_ACTIVE_ARCH = YES;
				SDKROOT = macosx;
				SWIFT_ACTIVE_COMPILATION_CONDITIONS = "DEBUG $(inherited)";
				SWIFT_OPTIMIZATION_LEVEL = "-Onone";
			};
			name = Debug;
		};
		A335B38A2F31A502009D0F31 /* Release */ = {
			isa = XCBuildConfiguration;
			buildSettings = {
				ALWAYS_SEARCH_USER_PATHS = NO;
				ASSETCATALOG_COMPILER_GENERATE_SWIFT_ASSET_SYMBOL_EXTENSIONS = YES;
				CLANG_ANALYZER_NONNULL = YES;
				CLANG_ANALYZER_NUMBER_OBJECT_CONVERSION = YES_AGGRESSIVE;
				CLANG_CXX_LANGUAGE_STANDARD = "gnu++20";
				CLANG_ENABLE_MODULES = YES;
				CLANG_ENABLE_OBJC_ARC = YES;
				CLANG_ENABLE_OBJC_WEAK = YES;
				CLANG_WARN_BLOCK_CAPTURE_AUTORELEASING = YES;
				CLANG_WARN_BOOL_CONVERSION = YES;
				CLANG_WARN_COMMA = YES;
				CLANG_WARN_CONSTANT_CONVERSION = YES;
				CLANG_WARN_DEPRECATED_OBJC_IMPLEMENTATIONS = YES;
				CLANG_WARN_DIRECT_OBJC_ISA_USAGE = YES_ERROR;
				CLANG_WARN_DOCUMENTATION_COMMENTS = YES;
				CLANG_WARN_EMPTY_BODY = YES;
				CLANG_WARN_ENUM_CONVERSION = YES;
				CLANG_WARN_INFINITE_RECURSION = YES;
				CLANG_WARN_INT_CONVERSION = YES;
				CLANG_WARN_NON_LITERAL_NULL_CONVERSION = YES;
				CLANG_WARN_OBJC_IMPLICIT_RETAIN_SELF = YES;
				CLANG_WARN_OBJC_LITERAL_CONVERSION = YES;
				CLANG_WARN_OBJC_ROOT_CLASS = YES_ERROR;
				CLANG_WARN_QUOTED_INCLUDE_IN_FRAMEWORK_HEADER = YES;
				CLANG_WARN_RANGE_LOOP_ANALYSIS = YES;
				CLANG_WARN_STRICT_PROTOTYPES = YES;
				CLANG_WARN_SUSPICIOUS_MOVE = YES;
				CLANG_WARN_UNGUARDED_AVAILABILITY = YES_AGGRESSIVE;
				CLANG_WARN_UNREACHABLE_CODE = YES;
				CLANG_WARN__DUPLICATE_METHOD_MATCH = YES;
				COPY_PHASE_STRIP = NO;
				DEBUG_INFORMATION_FORMAT = "dwarf-with-dsym";
				DEVELOPMENT_TEAM = V7Z2QYFJWN;
				ENABLE_NS_ASSERTIONS = NO;
				ENABLE_STRICT_OBJC_MSGSEND = YES;
				ENABLE_USER_SCRIPT_SANDBOXING = YES;
				GCC_C_LANGUAGE_STANDARD = gnu17;
				GCC_NO_COMMON_BLOCKS = YES;
				GCC_WARN_64_TO_32_BIT_CONVERSION = YES;
				GCC_WARN_ABOUT_RETURN_TYPE = YES_ERROR;
				GCC_WARN_UNDECLARED_SELECTOR = YES;
				GCC_WARN_UNINITIALIZED_AUTOS = YES_AGGRESSIVE;
				GCC_WARN_UNUSED_FUNCTION = YES;
				GCC_WARN_UNUSED_VARIABLE = YES;
				LOCALIZATION_PREFERS_STRING_CATALOGS = YES;
				LSApplicationCategoryType = "public.app-category.productivity";
				MACOSX_DEPLOYMENT_TARGET = 15.0;
				MTL_ENABLE_DEBUG_INFO = NO;
				MTL_FAST_MATH = YES;
				SDKROOT = macosx;
				SUFeedURL = "https://raw.githubusercontent.com/princeniu/SayIt/main/appcast.xml";
				SUPublicEDKey = "e/ykxjFav0N7bSKLhXw9LBnsDsVeAqG3ljIlrzTqA/I=";
				SWIFT_COMPILATION_MODE = wholemodule;
			};
			name = Release;
		};
		A335B38C2F31A502009D0F31 /* Debug */ = {
			isa = XCBuildConfiguration;
			buildSettings = {
				ASSETCATALOG_COMPILER_APPICON_NAME = AppIcon;
				ASSETCATALOG_COMPILER_GLOBAL_ACCENT_COLOR_NAME = AccentColor;
				CODE_SIGN_STYLE = Automatic;
				COMBINE_HIDPI_IMAGES = YES;
				CURRENT_PROJECT_VERSION = 3;
				DEVELOPMENT_TEAM = V7Z2QYFJWN;
				ENABLE_APP_SANDBOX = YES;
				ENABLE_HARDENED_RUNTIME = YES;
				ENABLE_INCOMING_NETWORK_CONNECTIONS = NO;
				ENABLE_OUTGOING_NETWORK_CONNECTIONS = YES;
				ENABLE_PREVIEWS = YES;
				ENABLE_RESOURCE_ACCESS_AUDIO_INPUT = YES;
				ENABLE_RESOURCE_ACCESS_BLUETOOTH = NO;
				ENABLE_RESOURCE_ACCESS_CALENDARS = NO;
				ENABLE_RESOURCE_ACCESS_CAMERA = NO;
				ENABLE_RESOURCE_ACCESS_CONTACTS = NO;
				ENABLE_RESOURCE_ACCESS_LOCATION = NO;
				ENABLE_RESOURCE_ACCESS_PRINTING = NO;
				ENABLE_RESOURCE_ACCESS_USB = NO;
				ENABLE_USER_SELECTED_FILES = readonly;
				GENERATE_INFOPLIST_FILE = YES;
				INFOPLIST_KEY_CFBundleDisplayName = SayIt;
				INFOPLIST_KEY_LSApplicationCategoryType = "public.app-category.productivity";
				INFOPLIST_KEY_LSUIElement = YES;
				INFOPLIST_KEY_NSHumanReadableCopyright = "";
				INFOPLIST_KEY_NSMicrophoneUsageDescription = "SayIt needs access to your microphone to record audio.";
				INFOPLIST_KEY_NSSpeechRecognitionUsageDescription = "SayIt uses speech recognition to transcribe your recordings.";
				LD_RUNPATH_SEARCH_PATHS = (
					"$(inherited)",
					"@executable_path/../Frameworks",
				);
				MARKETING_VERSION = 1.0.2;
				PRODUCT_BUNDLE_IDENTIFIER = com.niu.SayIt;
				PRODUCT_NAME = "$(TARGET_NAME)";
				REGISTER_APP_GROUPS = YES;
				STRING_CATALOG_GENERATE_SYMBOLS = YES;
				SWIFT_ACTIVE_COMPILATION_CONDITIONS = APP_STORE;
				SWIFT_APPROACHABLE_CONCURRENCY = YES;
				SWIFT_DEFAULT_ACTOR_ISOLATION = Nonisolated;
				SWIFT_EMIT_LOC_STRINGS = YES;
				SWIFT_UPCOMING_FEATURE_MEMBER_IMPORT_VISIBILITY = YES;
				SWIFT_VERSION = 5.0;
			};
			name = Debug;
		};
		A335B38D2F31A502009D0F31 /* Release */ = {
			isa = XCBuildConfiguration;
			buildSettings = {
				ASSETCATALOG_COMPILER_APPICON_NAME = AppIcon;
				ASSETCATALOG_COMPILER_GLOBAL_ACCENT_COLOR_NAME = AccentColor;
				CODE_SIGN_STYLE = Automatic;
				COMBINE_HIDPI_IMAGES = YES;
				CURRENT_PROJECT_VERSION = 3;
				DEVELOPMENT_TEAM = V7Z2QYFJWN;
				ENABLE_APP_SANDBOX = YES;
				ENABLE_HARDENED_RUNTIME = YES;
				ENABLE_INCOMING_NETWORK_CONNECTIONS = NO;
				ENABLE_OUTGOING_NETWORK_CONNECTIONS = YES;
				ENABLE_PREVIEWS = YES;
				ENABLE_RESOURCE_ACCESS_AUDIO_INPUT = YES;
				ENABLE_RESOURCE_ACCESS_BLUETOOTH = NO;
				ENABLE_RESOURCE_ACCESS_CALENDARS = NO;
				ENABLE_RESOURCE_ACCESS_CAMERA = NO;
				ENABLE_RESOURCE_ACCESS_CONTACTS = NO;
				ENABLE_RESOURCE_ACCESS_LOCATION = NO;
				ENABLE_RESOURCE_ACCESS_PRINTING = NO;
				ENABLE_RESOURCE_ACCESS_USB = NO;
				ENABLE_USER_SELECTED_FILES = readonly;
				GENERATE_INFOPLIST_FILE = YES;
				INFOPLIST_KEY_CFBundleDisplayName = SayIt;
				INFOPLIST_KEY_LSApplicationCategoryType = "public.app-category.productivity";
				INFOPLIST_KEY_LSUIElement = YES;
				INFOPLIST_KEY_NSHumanReadableCopyright = "";
				INFOPLIST_KEY_NSMicrophoneUsageDescription = "SayIt needs access to your microphone to record audio.";
				INFOPLIST_KEY_NSSpeechRecognitionUsageDescription = "SayIt uses speech recognition to transcribe your recordings.";
				LD_RUNPATH_SEARCH_PATHS = (
					"$(inherited)",
					"@executable_path/../Frameworks",
				);
				MARKETING_VERSION = 1.0.2;
				PRODUCT_BUNDLE_IDENTIFIER = com.niu.SayIt;
				PRODUCT_NAME = "$(TARGET_NAME)";
				REGISTER_APP_GROUPS = YES;
				STRING_CATALOG_GENERATE_SYMBOLS = YES;
				SWIFT_ACTIVE_COMPILATION_CONDITIONS = APP_STORE;
				SWIFT_APPROACHABLE_CONCURRENCY = YES;
				SWIFT_DEFAULT_ACTOR_ISOLATION = Nonisolated;
				SWIFT_EMIT_LOC_STRINGS = YES;
				SWIFT_UPCOMING_FEATURE_MEMBER_IMPORT_VISIBILITY = YES;
				SWIFT_VERSION = 5.0;
			};
			name = Release;
		};
		A335B38F2F31A502009D0F31 /* Debug */ = {
			isa = XCBuildConfiguration;
			buildSettings = {
				BUNDLE_LOADER = "$(TEST_HOST)";
				CODE_SIGN_STYLE = Automatic;
				CURRENT_PROJECT_VERSION = 2;
				DEVELOPMENT_TEAM = V7Z2QYFJWN;
				GENERATE_INFOPLIST_FILE = YES;
				INFOPLIST_KEY_LSUIElement = YES;
				INFOPLIST_KEY_NSMicrophoneUsageDescription = "SayIt needs access to your microphone to record audio.";
				INFOPLIST_KEY_NSSpeechRecognitionUsageDescription = "SayIt uses speech recognition to transcribe your recordings.";
				MACOSX_DEPLOYMENT_TARGET = 15.0;
				MARKETING_VERSION = 1.0.1;
				PRODUCT_BUNDLE_IDENTIFIER = com.niu.SayItTests;
				PRODUCT_NAME = "$(TARGET_NAME)";
				STRING_CATALOG_GENERATE_SYMBOLS = NO;
				SWIFT_APPROACHABLE_CONCURRENCY = YES;
				SWIFT_EMIT_LOC_STRINGS = NO;
				SWIFT_UPCOMING_FEATURE_MEMBER_IMPORT_VISIBILITY = YES;
				SWIFT_VERSION = 5.0;
				TEST_HOST = "$(BUILT_PRODUCTS_DIR)/SayIt.app/$(BUNDLE_EXECUTABLE_FOLDER_PATH)/SayIt";
			};
			name = Debug;
		};
		A335B3902F31A502009D0F31 /* Release */ = {
			isa = XCBuildConfiguration;
			buildSettings = {
				BUNDLE_LOADER = "$(TEST_HOST)";
				CODE_SIGN_STYLE = Automatic;
				CURRENT_PROJECT_VERSION = 2;
				DEVELOPMENT_TEAM = V7Z2QYFJWN;
				GENERATE_INFOPLIST_FILE = YES;
				INFOPLIST_KEY_LSUIElement = YES;
				INFOPLIST_KEY_NSMicrophoneUsageDescription = "SayIt needs access to your microphone to record audio.";
				INFOPLIST_KEY_NSSpeechRecognitionUsageDescription = "SayIt uses speech recognition to transcribe your recordings.";
				MACOSX_DEPLOYMENT_TARGET = 15.0;
				MARKETING_VERSION = 1.0.1;
				PRODUCT_BUNDLE_IDENTIFIER = com.niu.SayItTests;
				PRODUCT_NAME = "$(TARGET_NAME)";
				STRING_CATALOG_GENERATE_SYMBOLS = NO;
				SWIFT_APPROACHABLE_CONCURRENCY = YES;
				SWIFT_EMIT_LOC_STRINGS = NO;
				SWIFT_UPCOMING_FEATURE_MEMBER_IMPORT_VISIBILITY = YES;
				SWIFT_VERSION = 5.0;
				TEST_HOST = "$(BUILT_PRODUCTS_DIR)/SayIt.app/$(BUNDLE_EXECUTABLE_FOLDER_PATH)/SayIt";
			};
			name = Release;
		};
		A335B3922F31A502009D0F31 /* Debug */ = {
			isa = XCBuildConfiguration;
			buildSettings = {
				CODE_SIGN_STYLE = Automatic;
				CURRENT_PROJECT_VERSION = 2;
				DEVELOPMENT_TEAM = V7Z2QYFJWN;
				GENERATE_INFOPLIST_FILE = YES;
				INFOPLIST_KEY_LSUIElement = YES;
				INFOPLIST_KEY_NSMicrophoneUsageDescription = "SayIt needs access to your microphone to record audio.";
				INFOPLIST_KEY_NSSpeechRecognitionUsageDescription = "SayIt uses speech recognition to transcribe your recordings.";
				MARKETING_VERSION = 1.0.1;
				PRODUCT_BUNDLE_IDENTIFIER = com.niu.SayItUITests;
				PRODUCT_NAME = "$(TARGET_NAME)";
				STRING_CATALOG_GENERATE_SYMBOLS = NO;
				SWIFT_APPROACHABLE_CONCURRENCY = YES;
				SWIFT_EMIT_LOC_STRINGS = NO;
				SWIFT_UPCOMING_FEATURE_MEMBER_IMPORT_VISIBILITY = YES;
				SWIFT_VERSION = 5.0;
				TEST_TARGET_NAME = SayIt;
			};
			name = Debug;
		};
		A335B3932F31A502009D0F31 /* Release */ = {
			isa = XCBuildConfiguration;
			buildSettings = {
				CODE_SIGN_STYLE = Automatic;
				CURRENT_PROJECT_VERSION = 2;
				DEVELOPMENT_TEAM = V7Z2QYFJWN;
				GENERATE_INFOPLIST_FILE = YES;
				INFOPLIST_KEY_LSUIElement = YES;
				INFOPLIST_KEY_NSMicrophoneUsageDescription = "SayIt needs access to your microphone to record audio.";
				INFOPLIST_KEY_NSSpeechRecognitionUsageDescription = "SayIt uses speech recognition to transcribe your recordings.";
				MARKETING_VERSION = 1.0.1;
				PRODUCT_BUNDLE_IDENTIFIER = com.niu.SayItUITests;
				PRODUCT_NAME = "$(TARGET_NAME)";
				STRING_CATALOG_GENERATE_SYMBOLS = NO;
				SWIFT_APPROACHABLE_CONCURRENCY = YES;
				SWIFT_EMIT_LOC_STRINGS = NO;
				SWIFT_UPCOMING_FEATURE_MEMBER_IMPORT_VISIBILITY = YES;
				SWIFT_VERSION = 5.0;
				TEST_TARGET_NAME = SayIt;
			};
			name = Release;
		};
/* End XCBuildConfiguration section */

/* Begin XCConfigurationList section */
		A335B3632F31A500009D0F31 /* Build configuration list for PBXProject "SayIt" */ = {
			isa = XCConfigurationList;
			buildConfigurations = (
				A335B3892F31A502009D0F31 /* Debug */,
				A335B38A2F31A502009D0F31 /* Release */,
			);
			defaultConfigurationIsVisible = 0;
			defaultConfigurationName = Release;
		};
		A335B38B2F31A502009D0F31 /* Build configuration list for PBXNativeTarget "SayIt" */ = {
			isa = XCConfigurationList;
			buildConfigurations = (
				A335B38C2F31A502009D0F31 /* Debug */,
				A335B38D2F31A502009D0F31 /* Release */,
			);
			defaultConfigurationIsVisible = 0;
			defaultConfigurationName = Release;
		};
		A335B38E2F31A502009D0F31 /* Build configuration list for PBXNativeTarget "SayItTests" */ = {
			isa = XCConfigurationList;
			buildConfigurations = (
				A335B38F2F31A502009D0F31 /* Debug */,
				A335B3902F31A502009D0F31 /* Release */,
			);
			defaultConfigurationIsVisible = 0;
			defaultConfigurationName = Release;
		};
		A335B3912F31A502009D0F31 /* Build configuration list for PBXNativeTarget "SayItUITests" */ = {
			isa = XCConfigurationList;
			buildConfigurations = (
				A335B3922F31A502009D0F31 /* Debug */,
				A335B3932F31A502009D0F31 /* Release */,
			);
			defaultConfigurationIsVisible = 0;
			defaultConfigurationName = Release;
		};
/* End XCConfigurationList section */

/* Begin XCRemoteSwiftPackageReference section */
		A3A30C672F3471570088C61B /* XCRemoteSwiftPackageReference "Sparkle" */ = {
			isa = XCRemoteSwiftPackageReference;
			repositoryURL = "https://github.com/sparkle-project/Sparkle";
			requirement = {
				kind = upToNextMajorVersion;
				minimumVersion = 2.8.1;
			};
		};
/* End XCRemoteSwiftPackageReference section */
	};
	rootObject = A335B3602F31A500009D0F31 /* Project object */;
}
